
Microsoft Visual Studio Solution File, Format Version 12.00
# Visual Studio Version 17
VisualStudioVersion = 17.6.33712.159
MinimumVisualStudioVersion = 10.0.40219.1
Project("{8BC9CEB8-8B4A-11D0-8D11-00A0C91BC942}") = "383. Ransom Note", "383. Ransom Note\383. Ransom Note.vcxproj", "{435FA265-F714-47C2-A95A-959CA8BBBC65}"
EndProject
Global
	GlobalSection(SolutionConfigurationPlatforms) = preSolution
		Debug|x64 = Debug|x64
		Debug|x86 = Debug|x86
		Release|x64 = Release|x64
		Release|x86 = Release|x86
	EndGlobalSection
	GlobalSection(ProjectConfigurationPlatforms) = postSolution
		{435FA265-F714-47C2-A95A-959CA8BBBC65}.Debug|x64.ActiveCfg = Debug|x64
		{435FA265-F714-47C2-A95A-959CA8BBBC65}.Debug|x64.Build.0 = Debug|x64
		{435FA265-F714-47C2-A95A-959CA8BBBC65}.Debug|x86.ActiveCfg = Debug|Win32
		{435FA265-F714-47C2-A95A-959CA8BBBC65}.Debug|x86.Build.0 = Debug|Win32
		{435FA265-F714-47C2-A95A-959CA8BBBC65}.Release|x64.ActiveCfg = Release|x64
		{435FA265-F714-47C2-A95A-959CA8BBBC65}.Release|x64.Build.0 = Release|x64
		{435FA265-F714-47C2-A95A-959CA8BBBC65}.Release|x86.ActiveCfg = Release|Win32
		{435FA265-F714-47C2-A95A-959CA8BBBC65}.Release|x86.Build.0 = Release|Win32
	EndGlobalSection
	GlobalSection(SolutionProperties) = preSolution
		HideSolutionNode = FALSE
	EndGlobalSection
	GlobalSection(ExtensibilityGlobals) = postSolution
		SolutionGuid = {A51896F9-CFD5-49B5-85D0-3C53A99E323E}
	EndGlobalSection
EndGlobal
